
Microsoft Visual Studio Solution File, Format Version 12.00
# Visual Studio 15
VisualStudioVersion = 15.0.28010.2050
MinimumVisualStudioVersion = 10.0.40219.1
Project("{FAE04EC0-301F-11D3-BF4B-00C04F79EFBC}") = "API_Model", "API_Model\API_Model.csproj", "{08CAC91A-47F2-4A07-A84E-D816B7ED7703}"
EndProject
Global
	GlobalSection(SolutionConfigurationPlatforms) = preSolution
		Debug|Any CPU = Debug|Any CPU
		Release|Any CPU = Release|Any CPU
	EndGlobalSection
	GlobalSection(ProjectConfigurationPlatforms) = postSolution
		{08CAC91A-47F2-4A07-A84E-D816B7ED7703}.Debug|Any CPU.ActiveCfg = Debug|Any CPU
		{08CAC91A-47F2-4A07-A84E-D816B7ED7703}.Debug|Any CPU.Build.0 = Debug|Any CPU
		{08CAC91A-47F2-4A07-A84E-D816B7ED7703}.Release|Any CPU.ActiveCfg = Release|Any CPU
		{08CAC91A-47F2-4A07-A84E-D816B7ED7703}.Release|Any CPU.Build.0 = Release|Any CPU
	EndGlobalSection
	GlobalSection(SolutionProperties) = preSolution
		HideSolutionNode = FALSE
	EndGlobalSection
	GlobalSection(ExtensibilityGlobals) = postSolution
		SolutionGuid = {4C081109-A18D-40B8-819A-5FF5BBDC869B}
	EndGlobalSection
EndGlobal
